
Microsoft Visual Studio Solution File, Format Version 12.00
# Visual Studio Version 16
VisualStudioVersion = 16.0.31105.61
MinimumVisualStudioVersion = 10.0.40219.1
Project("{9A19103F-16F7-4668-BE54-9A1E7A4F7556}") = "ConsoleUI", "ConsoleUI\ConsoleUI.csproj", "{7BE0922B-018F-4042-B0D8-AE15A413D7B7}"
EndProject
Project("{9A19103F-16F7-4668-BE54-9A1E7A4F7556}") = "DataAccess", "DataAccess\DataAccess.csproj", "{203B219E-F136-490D-ACD2-57A9275C5B57}"
EndProject
Project("{9A19103F-16F7-4668-BE54-9A1E7A4F7556}") = "Business", "Business\Business.csproj", "{FDDF7515-DC23-404B-A6D7-A046CA84036F}"
EndProject
Project("{9A19103F-16F7-4668-BE54-9A1E7A4F7556}") = "Entities", "Entities\Entities.csproj", "{0F28FE0C-D2A7-486A-B1A1-900713B4EA51}"
EndProject
Project("{9A19103F-16F7-4668-BE54-9A1E7A4F7556}") = "Core", "Core\Core.csproj", "{484ABD4A-9ED7-40B2-98C3-B55704E23C4A}"
EndProject
Project("{FAE04EC0-301F-11D3-BF4B-00C04F79EFBC}") = "WebAPI", "WebAPI\WebAPI.csproj", "{8807D6B7-BFA6-4807-B05E-DEED5A5749CB}"
EndProject
Global
	GlobalSection(SolutionConfigurationPlatforms) = preSolution
		Debug|Any CPU = Debug|Any CPU
		Release|Any CPU = Release|Any CPU
	EndGlobalSection
	GlobalSection(ProjectConfigurationPlatforms) = postSolution
		{7BE0922B-018F-4042-B0D8-AE15A413D7B7}.Debug|Any CPU.ActiveCfg = Debug|Any CPU
		{7BE0922B-018F-4042-B0D8-AE15A413D7B7}.Debug|Any CPU.Build.0 = Debug|Any CPU
		{7BE0922B-018F-4042-B0D8-AE15A413D7B7}.Release|Any CPU.ActiveCfg = Release|Any CPU
		{7BE0922B-018F-4042-B0D8-AE15A413D7B7}.Release|Any CPU.Build.0 = Release|Any CPU
		{203B219E-F136-490D-ACD2-57A9275C5B57}.Debug|Any CPU.ActiveCfg = Debug|Any CPU
		{203B219E-F136-490D-ACD2-57A9275C5B57}.Debug|Any CPU.Build.0 = Debug|Any CPU
		{203B219E-F136-490D-ACD2-57A9275C5B57}.Release|Any CPU.ActiveCfg = Release|Any CPU
		{203B219E-F136-490D-ACD2-57A9275C5B57}.Release|Any CPU.Build.0 = Release|Any CPU
		{FDDF7515-DC23-404B-A6D7-A046CA84036F}.Debug|Any CPU.ActiveCfg = Debug|Any CPU
		{FDDF7515-DC23-404B-A6D7-A046CA84036F}.Debug|Any CPU.Build.0 = Debug|Any CPU
		{FDDF7515-DC23-404B-A6D7-A046CA84036F}.Release|Any CPU.ActiveCfg = Release|Any CPU
		{FDDF7515-DC23-404B-A6D7-A046CA84036F}.Release|Any CPU.Build.0 = Release|Any CPU
		{0F28FE0C-D2A7-486A-B1A1-900713B4EA51}.Debug|Any CPU.ActiveCfg = Debug|Any CPU
		{0F28FE0C-D2A7-486A-B1A1-900713B4EA51}.Debug|Any CPU.Build.0 = Debug|Any CPU
		{0F28FE0C-D2A7-486A-B1A1-900713B4EA51}.Release|Any CPU.ActiveCfg = Release|Any CPU
		{0F28FE0C-D2A7-486A-B1A1-900713B4EA51}.Release|Any CPU.Build.0 = Release|Any CPU
		{484ABD4A-9ED7-40B2-98C3-B55704E23C4A}.Debug|Any CPU.ActiveCfg = Debug|Any CPU
		{484ABD4A-9ED7-40B2-98C3-B55704E23C4A}.Debug|Any CPU.Build.0 = Debug|Any CPU
		{484ABD4A-9ED7-40B2-98C3-B55704E23C4A}.Release|Any CPU.ActiveCfg = Release|Any CPU
		{484ABD4A-9ED7-40B2-98C3-B55704E23C4A}.Release|Any CPU.Build.0 = Release|Any CPU
		{8807D6B7-BFA6-4807-B05E-DEED5A5749CB}.Debug|Any CPU.ActiveCfg = Debug|Any CPU
		{8807D6B7-BFA6-4807-B05E-DEED5A5749CB}.Debug|Any CPU.Build.0 = Debug|Any CPU
		{8807D6B7-BFA6-4807-B05E-DEED5A5749CB}.Release|Any CPU.ActiveCfg = Release|Any CPU
		{8807D6B7-BFA6-4807-B05E-DEED5A5749CB}.Release|Any CPU.Build.0 = Release|Any CPU
	EndGlobalSection
	GlobalSection(SolutionProperties) = preSolution
		HideSolutionNode = FALSE
	EndGlobalSection
	GlobalSection(ExtensibilityGlobals) = postSolution
		SolutionGuid = {440CB37D-EA10-42E7-9BAE-FF658FA7FEFC}
	EndGlobalSection
EndGlobal
